# This file is automatically @generated by Cargo.
# It is not intended for manual editing.
[[package]]
name = "checked_int_cast"
version = "1.0.0"
source = "registry+https://github.com/rust-lang/crates.io-index"

[[package]]
name = "qrcode"
version = "0.11.2"
source = "registry+https://github.com/rust-lang/crates.io-index"
dependencies = [
 "checked_int_cast 1.0.0 (registry+https://github.com/rust-lang/crates.io-index)",
]

[[package]]
name = "u220b"
version = "0.0.1"
dependencies = [
 "qrcode 0.11.2 (registry+https://github.com/rust-lang/crates.io-index)",
]

[metadata]
"checksum checked_int_cast 1.0.0 (registry+https://github.com/rust-lang/crates.io-index)" = "17cc5e6b5ab06331c33589842070416baa137e8b0eb912b008cfd4a78ada7919"
"checksum qrcode 0.11.2 (registry+https://github.com/rust-lang/crates.io-index)" = "f5b09efe9b8aa5d34d310a0bfd76122cd6f7d0c91016a5fe928635eab033eb8a"
